# THIS IS AN AUTOGENERATED FILE. DO NOT EDIT THIS FILE DIRECTLY.
# yarn lockfile v1


"@discordjs/collection@^0.1.6":
  version "0.1.6"
  resolved "https://registry.yarnpkg.com/@discordjs/collection/-/collection-0.1.6.tgz#9e9a7637f4e4e0688fd8b2b5c63133c91607682c"
  integrity sha512-utRNxnd9kSS2qhyivo9lMlt5qgAUasH2gb7BEOn6p0efFh24gjGomHzWKMAPn2hEReOPQZCJaRKoURwRotKucQ==

"@discordjs/form-data@^3.0.1":
  version "3.0.1"
  resolved "https://registry.yarnpkg.com/@discordjs/form-data/-/form-data-3.0.1.tgz#5c9e6be992e2e57d0dfa0e39979a850225fb4697"
  integrity sha512-ZfFsbgEXW71Rw/6EtBdrP5VxBJy4dthyC0tpQKGKmYFImlmmrykO14Za+BiIVduwjte0jXEBlhSKf0MWbFp9Eg==
  dependencies:
    asynckit "^0.4.0"
    combined-stream "^1.0.8"
    mime-types "^2.1.12"

"@ethersproject/abi@5.1.0", "@ethersproject/abi@^5.1.0":
  version "5.1.0"
  resolved "https://registry.yarnpkg.com/@ethersproject/abi/-/abi-5.1.0.tgz#d582c9f6a8e8192778b5f2c991ce19d7b336b0c5"
  integrity sha512-N/W9Sbn1/C6Kh2kuHRjf/hX6euMK4+9zdJRBB8sDWmihVntjUAfxbusGZKzDQD8i3szAHhTz8K7XADV5iFNfJw==
  dependencies:
    "@ethersproject/address" "^5.1.0"
    "@ethersproject/bignumber" "^5.1.0"
    "@ethersproject/bytes" "^5.1.0"
    "@ethersproject/constants" "^5.1.0"
    "@ethersproject/hash" "^5.1.0"
    "@ethersproject/keccak256" "^5.1.0"
    "@ethersproject/logger" "^5.1.0"
    "@ethersproject/properties" "^5.1.0"
    "@ethersproject/strings" "^5.1.0"

"@ethersproject/abstract-provider@5.1.0", "@ethersproject/abstract-provider@^5.1.0":
  version "5.1.0"
  resolved "https://registry.yarnpkg.com/@ethersproject/abstract-provider/-/abstract-provider-5.1.0.tgz#1f24c56cda5524ef4ed3cfc562a01d6b6f8eeb0b"
  integrity sha512-8dJUnT8VNvPwWhYIau4dwp7qe1g+KgdRm4XTWvjkI9gAT2zZa90WF5ApdZ3vl1r6NDmnn6vUVvyphClRZRteTQ==
  dependencies:
    "@ethersproject/bignumber" "^5.1.0"
    "@ethersproject/bytes" "^5.1.0"
    "@ethersproject/logger" "^5.1.0"
    "@ethersproject/networks" "^5.1.0"
    "@ethersproject/properties" "^5.1.0"
    "@ethersproject/transactions" "^5.1.0"
    "@ethersproject/web" "^5.1.0"

"@ethersproject/abstract-signer@5.1.0", "@ethersproject/abstract-signer@^5.1.0":
  version "5.1.0"
  resolved "https://registry.yarnpkg.com/@ethersproject/abstract-signer/-/abstract-signer-5.1.0.tgz#744c7a2d0ebe3cc0bc38294d0f53d5ca3f4e49e3"
  integrity sha512-qQDMkjGZSSJSKl6AnfTgmz9FSnzq3iEoEbHTYwjDlEAv+LNP7zd4ixCcVWlWyk+2siud856M5CRhAmPdupeN9w==
  dependencies:
    "@ethersproject/abstract-provider" "^5.1.0"
    "@ethersproject/bignumber" "^5.1.0"
    "@ethersproject/bytes" "^5.1.0"
    "@ethersproject/logger" "^5.1.0"
    "@ethersproject/properties" "^5.1.0"

"@ethersproject/address@5.1.0", "@ethersproject/address@^5.1.0":
  version "5.1.0"
  resolved "https://registry.yarnpkg.com/@ethersproject/address/-/address-5.1.0.tgz#3854fd7ebcb6af7597de66f847c3345dae735b58"
  integrity sha512-rfWQR12eHn2cpstCFS4RF7oGjfbkZb0oqep+BfrT+gWEGWG2IowJvIsacPOvzyS1jhNF4MQ4BS59B04Mbovteg==
  dependencies:
    "@ethersproject/bignumber" "^5.1.0"
    "@ethersproject/bytes" "^5.1.0"
    "@ethersproject/keccak256" "^5.1.0"
    "@ethersproject/logger" "^5.1.0"
    "@ethersproject/rlp" "^5.1.0"

"@ethersproject/base64@5.1.0", "@ethersproject/base64@^5.1.0":
  version "5.1.0"
  resolved "https://registry.yarnpkg.com/@ethersproject/base64/-/base64-5.1.0.tgz#27240c174d0a4e13f6eae87416fd876caf7f42b6"
  integrity sha512-npD1bLvK4Bcxz+m4EMkx+F8Rd7CnqS9DYnhNu0/GlQBXhWjvfoAZzk5HJ0f1qeyp8d+A86PTuzLOGOXf4/CN8g==
  dependencies:
    "@ethersproject/bytes" "^5.1.0"

"@ethersproject/basex@5.1.0", "@ethersproject/basex@^5.1.0":
  version "5.1.0"
  resolved "https://registry.yarnpkg.com/@ethersproject/basex/-/basex-5.1.0.tgz#80da2e86f9da0cb5ccd446b337364d791f6a131c"
  integrity sha512-vBKr39bum7DDbOvkr1Sj19bRMEPA4FnST6Utt6xhDzI7o7L6QNkDn2yrCfP+hnvJGhZFKtLygWwqlTBZoBXYLg==
  dependencies:
    "@ethersproject/bytes" "^5.1.0"
    "@ethersproject/properties" "^5.1.0"

"@ethersproject/bignumber@5.1.0", "@ethersproject/bignumber@^5.1.0":
  version "5.1.0"
  resolved "https://registry.yarnpkg.com/@ethersproject/bignumber/-/bignumber-5.1.0.tgz#966a013a5d871fc03fc67bf33cd8aadae627f0fd"
  integrity sha512-wUvQlhTjPjFXIdLPOuTrFeQmSa6Wvls1bGXQNQWvB/SEn1NsTCE8PmumIEZxmOPjSHl1eV2uyHP5jBm5Cgj92Q==
  dependencies:
    "@ethersproject/bytes" "^5.1.0"
    "@ethersproject/logger" "^5.1.0"
    bn.js "^4.4.0"

"@ethersproject/bytes@5.1.0", "@ethersproject/bytes@^5.1.0":
  version "5.1.0"
  resolved "https://registry.yarnpkg.com/@ethersproject/bytes/-/bytes-5.1.0.tgz#55dfa9c4c21df1b1b538be3accb50fb76d5facfd"
  integrity sha512-sGTxb+LVjFxJcJeUswAIK6ncgOrh3D8c192iEJd7mLr95V6du119rRfYT/b87WPkZ5I3gRBUYIYXtdgCWACe8g==
  dependencies:
    "@ethersproject/logger" "^5.1.0"

"@ethersproject/constants@5.1.0", "@ethersproject/constants@^5.1.0":
  version "5.1.0"
  resolved "https://registry.yarnpkg.com/@ethersproject/constants/-/constants-5.1.0.tgz#4e7da6367ea0e9be87585d8b09f3fccf384b1452"
  integrity sha512-0/SuHrxc8R8k+JiLmJymxHJbojUDWBQqO+b+XFdwaP0jGzqC09YDy/CAlSZB6qHsBifY8X3I89HcK/oMqxRdBw==
  dependencies:
    "@ethersproject/bignumber" "^5.1.0"

"@ethersproject/contracts@5.1.0":
  version "5.1.0"
  resolved "https://registry.yarnpkg.com/@ethersproject/contracts/-/contracts-5.1.0.tgz#f7c3451f1af77e029005733ccab3419d07d23f6b"
  integrity sha512-dvTMs/4XGSc57cYOW0KjgX1NdTujUu7mNb6PQdJWg08m9ULzPyGZuBkFJnijBcp6vTOCQ59RwjboWgNWw393og==
  dependencies:
    "@ethersproject/abi" "^5.1.0"
    "@ethersproject/abstract-provider" "^5.1.0"
    "@ethersproject/abstract-signer" "^5.1.0"
    "@ethersproject/address" "^5.1.0"
    "@ethersproject/bignumber" "^5.1.0"
    "@ethersproject/bytes" "^5.1.0"
    "@ethersproject/constants" "^5.1.0"
    "@ethersproject/logger" "^5.1.0"
    "@ethersproject/properties" "^5.1.0"
    "@ethersproject/transactions" "^5.1.0"

"@ethersproject/hash@5.1.0", "@ethersproject/hash@^5.1.0":
  version "5.1.0"
  resolved "https://registry.yarnpkg.com/@ethersproject/hash/-/hash-5.1.0.tgz#40961d64837d57f580b7b055e0d74174876d891e"
  integrity sha512-fNwry20yLLPpnRRwm3fBL+2ksgO+KMadxM44WJmRIoTKzy4269+rbq9KFoe2LTqq2CXJM2CE70beGaNrpuqflQ==
  dependencies:
    "@ethersproject/abstract-signer" "^5.1.0"
    "@ethersproject/address" "^5.1.0"
    "@ethersproject/bignumber" "^5.1.0"
    "@ethersproject/bytes" "^5.1.0"
    "@ethersproject/keccak256" "^5.1.0"
    "@ethersproject/logger" "^5.1.0"
    "@ethersproject/properties" "^5.1.0"
    "@ethersproject/strings" "^5.1.0"

"@ethersproject/hdnode@5.1.0", "@ethersproject/hdnode@^5.1.0":
  version "5.1.0"
  resolved "https://registry.yarnpkg.com/@ethersproject/hdnode/-/hdnode-5.1.0.tgz#2bf5c4048935136ce83e9242e1bd570afcc0bc83"
  integrity sha512-obIWdlujloExPHWJGmhJO/sETOOo7SEb6qemV4f8kyFoXg+cJK+Ta9SvBrj7hsUK85n3LZeZJZRjjM7oez3Clg==
  dependencies:
    "@ethersproject/abstract-signer" "^5.1.0"
    "@ethersproject/basex" "^5.1.0"
    "@ethersproject/bignumber" "^5.1.0"
    "@ethersproject/bytes" "^5.1.0"
    "@ethersproject/logger" "^5.1.0"
    "@ethersproject/pbkdf2" "^5.1.0"
    "@ethersproject/properties" "^5.1.0"
    "@ethersproject/sha2" "^5.1.0"
    "@ethersproject/signing-key" "^5.1.0"
    "@ethersproject/strings" "^5.1.0"
    "@ethersproject/transactions" "^5.1.0"
    "@ethersproject/wordlists" "^5.1.0"

"@ethersproject/json-wallets@5.1.0", "@ethersproject/json-wallets@^5.1.0":
  version "5.1.0"
  resolved "https://registry.yarnpkg.com/@ethersproject/json-wallets/-/json-wallets-5.1.0.tgz#bba7af2e520e8aea4d3829d80520db5d2e4fb8d2"
  integrity sha512-00n2iBy27w8zrGZSiU762UOVuzCQZxUZxopsZC47++js6xUFuI74DHcJ5K/2pddlF1YBskvmMuboEu1geK8mnA==
  dependencies:
    "@ethersproject/abstract-signer" "^5.1.0"
    "@ethersproject/address" "^5.1.0"
    "@ethersproject/bytes" "^5.1.0"
    "@ethersproject/hdnode" "^5.1.0"
    "@ethersproject/keccak256" "^5.1.0"
    "@ethersproject/logger" "^5.1.0"
    "@ethersproject/pbkdf2" "^5.1.0"
    "@ethersproject/properties" "^5.1.0"
    "@ethersproject/random" "^5.1.0"
    "@ethersproject/strings" "^5.1.0"
    "@ethersproject/transactions" "^5.1.0"
    aes-js "3.0.0"
    scrypt-js "3.0.1"

"@ethersproject/keccak256@5.1.0", "@ethersproject/keccak256@^5.1.0":
  version "5.1.0"
  resolved "https://registry.yarnpkg.com/@ethersproject/keccak256/-/keccak256-5.1.0.tgz#fdcd88fb13bfef4271b225cdd8dec4d315c8e60e"
  integrity sha512-vrTB1W6AEYoadww5c9UyVJ2YcSiyIUTNDRccZIgwTmFFoSHwBtcvG1hqy9RzJ1T0bMdATbM9Hfx2mJ6H0i7Hig==
  dependencies:
    "@ethersproject/bytes" "^5.1.0"
    js-sha3 "0.5.7"

"@ethersproject/logger@5.1.0", "@ethersproject/logger@^5.1.0":
  version "5.1.0"
  resolved "https://registry.yarnpkg.com/@ethersproject/logger/-/logger-5.1.0.tgz#4cdeeefac029373349d5818f39c31b82cc6d9bbf"
  integrity sha512-wtUaD1lBX10HBXjjKV9VHCBnTdUaKQnQ2XSET1ezglqLdPdllNOIlLfhyCRqXm5xwcjExVI5ETokOYfjPtaAlw==

"@ethersproject/networks@5.1.0", "@ethersproject/networks@^5.1.0":
  version "5.1.0"
  resolved "https://registry.yarnpkg.com/@ethersproject/networks/-/networks-5.1.0.tgz#f537290cb05aa6dc5e81e910926c04cfd5814bca"
  integrity sha512-A/NIrIED/G/IgU1XUukOA3WcFRxn2I4O5GxsYGA5nFlIi+UZWdGojs85I1VXkR1gX9eFnDXzjE6OtbgZHjFhIA==
  dependencies:
    "@ethersproject/logger" "^5.1.0"

"@ethersproject/pbkdf2@5.1.0", "@ethersproject/pbkdf2@^5.1.0":
  version "5.1.0"
  resolved "https://registry.yarnpkg.com/@ethersproject/pbkdf2/-/pbkdf2-5.1.0.tgz#6b740a85dc780e879338af74856ca2c0d3b24d19"
  integrity sha512-B8cUbHHTgs8OtgJIafrRcz/YPDobVd5Ru8gTnShOiM9EBuFpYHQpq3+8iQJ6pyczDu6HP/oc/njAsIBhwFZYew==
  dependencies:
    "@ethersproject/bytes" "^5.1.0"
    "@ethersproject/sha2" "^5.1.0"

"@ethersproject/properties@5.1.0", "@ethersproject/properties@^5.1.0":
  version "5.1.0"
  resolved "https://registry.yarnpkg.com/@ethersproject/properties/-/properties-5.1.0.tgz#9484bd6def16595fc6e4bdc26f29dff4d3f6ac42"
  integrity sha512-519KKTwgmH42AQL3+GFV3SX6khYEfHsvI6v8HYejlkigSDuqttdgVygFTDsGlofNFchhDwuclrxQnD5B0YLNMg==
  dependencies:
    "@ethersproject/logger" "^5.1.0"

"@ethersproject/providers@5.1.0":
  version "5.1.0"
  resolved "https://registry.yarnpkg.com/@ethersproject/providers/-/providers-5.1.0.tgz#27695a02cfafa370428cde1c7a4abab13afb6a35"
  integrity sha512-FjpZL2lSXrYpQDg2fMjugZ0HjQD9a+2fOOoRhhihh+Z+qi/xZ8vIlPoumrEP1DzIG4DBV6liUqLNqnX2C6FIAA==
  dependencies:
    "@ethersproject/abstract-provider" "^5.1.0"
    "@ethersproject/abstract-signer" "^5.1.0"
    "@ethersproject/address" "^5.1.0"
    "@ethersproject/basex" "^5.1.0"
    "@ethersproject/bignumber" "^5.1.0"
    "@ethersproject/bytes" "^5.1.0"
    "@ethersproject/constants" "^5.1.0"
    "@ethersproject/hash" "^5.1.0"
    "@ethersproject/logger" "^5.1.0"
    "@ethersproject/networks" "^5.1.0"
    "@ethersproject/properties" "^5.1.0"
    "@ethersproject/random" "^5.1.0"
    "@ethersproject/rlp" "^5.1.0"
    "@ethersproject/sha2" "^5.1.0"
    "@ethersproject/strings" "^5.1.0"
    "@ethersproject/transactions" "^5.1.0"
    "@ethersproject/web" "^5.1.0"
    bech32 "1.1.4"
    ws "7.2.3"

"@ethersproject/random@5.1.0", "@ethersproject/random@^5.1.0":
  version "5.1.0"
  resolved "https://registry.yarnpkg.com/@ethersproject/random/-/random-5.1.0.tgz#0bdff2554df03ebc5f75689614f2d58ea0d9a71f"
  integrity sha512-+uuczLQZ4+no9cP6TCoCktXx0u2YbNaRT7lRkSt12d8263e702f0u+4JnnRO8Qmv5nylWJebnqCHzyxP+6mLqw==
  dependencies:
    "@ethersproject/bytes" "^5.1.0"
    "@ethersproject/logger" "^5.1.0"

"@ethersproject/rlp@5.1.0", "@ethersproject/rlp@^5.1.0":
  version "5.1.0"
  resolved "https://registry.yarnpkg.com/@ethersproject/rlp/-/rlp-5.1.0.tgz#700f4f071c27fa298d3c1d637485fefe919dd084"
  integrity sha512-vDTyHIwNPrecy55gKGZ47eJZhBm8LLBxihzi5ou+zrSvYTpkSTWRcKUlXFDFQVwfWB+P5PGyERAdiDEI76clxw==
  dependencies:
    "@ethersproject/bytes" "^5.1.0"
    "@ethersproject/logger" "^5.1.0"

"@ethersproject/sha2@5.1.0", "@ethersproject/sha2@^5.1.0":
  version "5.1.0"
  resolved "https://registry.yarnpkg.com/@ethersproject/sha2/-/sha2-5.1.0.tgz#6ca42d1a26884b3e32ffa943fe6494af7211506c"
  integrity sha512-+fNSeZRstOpdRJpdGUkRONFCaiAqWkc91zXgg76Nlp5ndBQE25Kk5yK8gCPG1aGnCrbariiPr5j9DmrYH78JCA==
  dependencies:
    "@ethersproject/bytes" "^5.1.0"
    "@ethersproject/logger" "^5.1.0"
    hash.js "1.1.3"

"@ethersproject/signing-key@5.1.0", "@ethersproject/signing-key@^5.1.0":
  version "5.1.0"
  resolved "https://registry.yarnpkg.com/@ethersproject/signing-key/-/signing-key-5.1.0.tgz#6eddfbddb6826b597b9650e01acf817bf8991b9c"
  integrity sha512-tE5LFlbmdObG8bY04NpuwPWSRPgEswfxweAI1sH7TbP0ml1elNfqcq7ii/3AvIN05i5U0Pkm3Tf8bramt8MmLw==
  dependencies:
    "@ethersproject/bytes" "^5.1.0"
    "@ethersproject/logger" "^5.1.0"
    "@ethersproject/properties" "^5.1.0"
    bn.js "^4.4.0"
    elliptic "6.5.4"

"@ethersproject/solidity@5.1.0":
  version "5.1.0"
  resolved "https://registry.yarnpkg.com/@ethersproject/solidity/-/solidity-5.1.0.tgz#095a9c75244edccb26c452c155736d363399b954"
  integrity sha512-kPodsGyo9zg1g9XSXp1lGhFaezBAUUsAUB1Vf6OkppE5Wksg4Et+x3kG4m7J/uShDMP2upkJtHNsIBK2XkVpKQ==
  dependencies:
    "@ethersproject/bignumber" "^5.1.0"
    "@ethersproject/bytes" "^5.1.0"
    "@ethersproject/keccak256" "^5.1.0"
    "@ethersproject/sha2" "^5.1.0"
    "@ethersproject/strings" "^5.1.0"

"@ethersproject/strings@5.1.0", "@ethersproject/strings@^5.1.0":
  version "5.1.0"
  resolved "https://registry.yarnpkg.com/@ethersproject/strings/-/strings-5.1.0.tgz#0f95a56c3c8c9d5510a06c241d818779750e2da5"
  integrity sha512-perBZy0RrmmL0ejiFGUOlBVjMsUceqLut3OBP3zP96LhiJWWbS8u1NqQVgN4/Gyrbziuda66DxiQocXhsvx+Sw==
  dependencies:
    "@ethersproject/bytes" "^5.1.0"
    "@ethersproject/constants" "^5.1.0"
    "@ethersproject/logger" "^5.1.0"

"@ethersproject/transactions@5.1.0", "@ethersproject/transactions@^5.1.0":
  version "5.1.0"
  resolved "https://registry.yarnpkg.com/@ethersproject/transactions/-/transactions-5.1.0.tgz#da7fcd7e77e23dcfcca317a945f60bc228c61b36"
  integrity sha512-s10crRLZEA0Bgv6FGEl/AKkTw9f+RVUrlWDX1rHnD4ZncPFeiV2AJr4nT7QSUhxJdFPvjyKRDb3nEH27dIqcPQ==
  dependencies:
    "@ethersproject/address" "^5.1.0"
    "@ethersproject/bignumber" "^5.1.0"
    "@ethersproject/bytes" "^5.1.0"
    "@ethersproject/constants" "^5.1.0"
    "@ethersproject/keccak256" "^5.1.0"
    "@ethersproject/logger" "^5.1.0"
    "@ethersproject/properties" "^5.1.0"
    "@ethersproject/rlp" "^5.1.0"
    "@ethersproject/signing-key" "^5.1.0"

"@ethersproject/units@5.1.0":
  version "5.1.0"
  resolved "https://registry.yarnpkg.com/@ethersproject/units/-/units-5.1.0.tgz#b6ab3430ebc22adc3cb4839516496f167bee3ad5"
  integrity sha512-isvJrx6qG0nKWfxsGORNjmOq/nh175fStfvRTA2xEKrGqx8JNJY83fswu4GkILowfriEM/eYpretfJnfzi7YhA==
  dependencies:
    "@ethersproject/bignumber" "^5.1.0"
    "@ethersproject/constants" "^5.1.0"
    "@ethersproject/logger" "^5.1.0"

"@ethersproject/wallet@5.1.0":
  version "5.1.0"
  resolved "https://registry.yarnpkg.com/@ethersproject/wallet/-/wallet-5.1.0.tgz#134c5816eaeaa586beae9f9ff67891104a2c9a15"
  integrity sha512-ULmUtiYQLTUS+y3DgkLzRhFEK10zMwmjOthnjiZxee3Q/MVwr3rnmuAnXIUZrPjna6hvUPnyRIdW5XuF0Ld0YQ==
  dependencies:
    "@ethersproject/abstract-provider" "^5.1.0"
    "@ethersproject/abstract-signer" "^5.1.0"
    "@ethersproject/address" "^5.1.0"
    "@ethersproject/bignumber" "^5.1.0"
    "@ethersproject/bytes" "^5.1.0"
    "@ethersproject/hash" "^5.1.0"
    "@ethersproject/hdnode" "^5.1.0"
    "@ethersproject/json-wallets" "^5.1.0"
    "@ethersproject/keccak256" "^5.1.0"
    "@ethersproject/logger" "^5.1.0"
    "@ethersproject/properties" "^5.1.0"
    "@ethersproject/random" "^5.1.0"
    "@ethersproject/signing-key" "^5.1.0"
    "@ethersproject/transactions" "^5.1.0"
    "@ethersproject/wordlists" "^5.1.0"

"@ethersproject/web@5.1.0", "@ethersproject/web@^5.1.0":
  version "5.1.0"
  resolved "https://registry.yarnpkg.com/@ethersproject/web/-/web-5.1.0.tgz#ed56bbe4e3d9a8ffe3b2ed882da5c62d3551381b"
  integrity sha512-LTeluWgTq04+RNqAkVhpydPcRZK/kKxD2Vy7PYGrAD27ABO9kTqTBKwiOuzTyAHKUQHfnvZbXmxBXJAGViSDcA==
  dependencies:
    "@ethersproject/base64" "^5.1.0"
    "@ethersproject/bytes" "^5.1.0"
    "@ethersproject/logger" "^5.1.0"
    "@ethersproject/properties" "^5.1.0"
    "@ethersproject/strings" "^5.1.0"

"@ethersproject/wordlists@5.1.0", "@ethersproject/wordlists@^5.1.0":
  version "5.1.0"
  resolved "https://registry.yarnpkg.com/@ethersproject/wordlists/-/wordlists-5.1.0.tgz#54eb9ef3a00babbff90ffe124e19c89e07e6aace"
  integrity sha512-NsUCi/TpBb+oTFvMSccUkJGtp5o/84eOyqp5q5aBeiNBSLkYyw21znRn9mAmxZgySpxgruVgKbaapnYPgvctPQ==
  dependencies:
    "@ethersproject/bytes" "^5.1.0"
    "@ethersproject/hash" "^5.1.0"
    "@ethersproject/logger" "^5.1.0"
    "@ethersproject/properties" "^5.1.0"
    "@ethersproject/strings" "^5.1.0"

"@types/node-fetch@^2.5.9":
  version "2.5.9"
  resolved "https://registry.yarnpkg.com/@types/node-fetch/-/node-fetch-2.5.9.tgz#c04a12115aa436f189e39579272b305e477621b4"
  integrity sha512-6cUyqLK+JBsATAqNQqk10jURoBFrzfRCDh4kaYxg8ivKhRPIpyBgAvuY7zM/3E4AwsYJSh5HCHBCJRM4DsCTaQ==
  dependencies:
    "@types/node" "*"
    form-data "^3.0.0"

"@types/node@*":
  version "14.14.37"
  resolved "https://registry.yarnpkg.com/@types/node/-/node-14.14.37.tgz#a3dd8da4eb84a996c36e331df98d82abd76b516e"
  integrity sha512-XYmBiy+ohOR4Lh5jE379fV2IU+6Jn4g5qASinhitfyO71b/sCo6MKsMLF5tc7Zf2CE8hViVQyYSobJNke8OvUw==

"@types/node@^14.14.36":
  version "14.14.36"
  resolved "https://registry.yarnpkg.com/@types/node/-/node-14.14.36.tgz#5637905dbb15c30a33a3c65b9ef7c20e3c85ebad"
  integrity sha512-kjivUwDJfIjngzbhooRnOLhGYz6oRFi+L+EpMjxroDYXwDw9lHrJJ43E+dJ6KAd3V3WxWAJ/qZE9XKYHhjPOFQ==

abort-controller@^3.0.0:
  version "3.0.0"
  resolved "https://registry.yarnpkg.com/abort-controller/-/abort-controller-3.0.0.tgz#eaf54d53b62bae4138e809ca225c8439a6efb392"
  integrity sha512-h8lQ8tacZYnR3vNQTgibj+tODHI5/+l06Au2Pcriv/Gmet0eaj4TwWH41sO9wnHDiQsEj19q0drzdWdeAHtweg==
  dependencies:
    event-target-shim "^5.0.0"

aes-js@3.0.0:
  version "3.0.0"
  resolved "https://registry.yarnpkg.com/aes-js/-/aes-js-3.0.0.tgz#e21df10ad6c2053295bcbb8dab40b09dbea87e4d"
  integrity sha1-4h3xCtbCBTKVvLuNq0Cwnb6ofk0=

arg@^4.1.0:
  version "4.1.3"
  resolved "https://registry.yarnpkg.com/arg/-/arg-4.1.3.tgz#269fc7ad5b8e42cb63c896d5666017261c144089"
  integrity sha512-58S9QDqG0Xx27YwPSt9fJxivjYl432YCwfDMfZ+71RAqUrZef7LrKQZ3LHLOwCS4FLNBplP533Zx895SeOCHvA==

asynckit@^0.4.0:
  version "0.4.0"
  resolved "https://registry.yarnpkg.com/asynckit/-/asynckit-0.4.0.tgz#c79ed97f7f34cb8f2ba1bc9790bcc366474b4b79"
  integrity sha1-x57Zf380y48robyXkLzDZkdLS3k=

bech32@1.1.4:
  version "1.1.4"
  resolved "https://registry.yarnpkg.com/bech32/-/bech32-1.1.4.tgz#e38c9f37bf179b8eb16ae3a772b40c356d4832e9"
  integrity sha512-s0IrSOzLlbvX7yp4WBfPITzpAU8sqQcpsmwXDiKwrG4r491vwCO/XpejasRNl0piBMe/DvP4Tz0mIS/X1DPJBQ==

bn.js@^4.11.9, bn.js@^4.4.0:
  version "4.12.0"
  resolved "https://registry.yarnpkg.com/bn.js/-/bn.js-4.12.0.tgz#775b3f278efbb9718eec7361f483fb36fbbfea88"
  integrity sha512-c98Bf3tPniI+scsdk237ku1Dc3ujXQTSgyiPUDEOe7tRkhrqridvh8klBv0HCEso1OLOYcHuCv/cS6DNxKH+ZA==

brorand@^1.1.0:
  version "1.1.0"
  resolved "https://registry.yarnpkg.com/brorand/-/brorand-1.1.0.tgz#12c25efe40a45e3c323eb8675a0a0ce57b22371f"
  integrity sha1-EsJe/kCkXjwyPrhnWgoM5XsiNx8=

buffer-from@^1.0.0:
  version "1.1.1"
  resolved "https://registry.yarnpkg.com/buffer-from/-/buffer-from-1.1.1.tgz#32713bc028f75c02fdb710d7c7bcec1f2c6070ef"
  integrity sha512-MQcXEUbCKtEo7bhqEs6560Hyd4XaovZlO/k9V3hjVUF/zwW7KBVdSK4gIt/bzwS9MbR5qob+F5jusZsb0YQK2A==

combined-stream@^1.0.8:
  version "1.0.8"
  resolved "https://registry.yarnpkg.com/combined-stream/-/combined-stream-1.0.8.tgz#c3d45a8b34fd730631a110a8a2520682b31d5a7f"
  integrity sha512-FQN4MRfuJeHf7cBbBMJFXhKSDq+2kAArBlmRBvcvFE5BB1HZKXtSFASDhdlz9zOYwxh8lDdnvmMOe/+5cdoEdg==
  dependencies:
    delayed-stream "~1.0.0"

create-require@^1.1.0:
  version "1.1.1"
  resolved "https://registry.yarnpkg.com/create-require/-/create-require-1.1.1.tgz#c1d7e8f1e5f6cfc9ff65f9cd352d37348756c333"
  integrity sha512-dcKFX3jn0MpIaXjisoRvexIJVEKzaq7z2rZKxf+MSr9TkdmHmsU4m2lcLojrj/FHl8mk5VxMmYA+ftRkP/3oKQ==

date-fns@^2.19.0:
  version "2.19.0"
  resolved "https://registry.yarnpkg.com/date-fns/-/date-fns-2.19.0.tgz#65193348635a28d5d916c43ec7ce6fbd145059e1"
  integrity sha512-X3bf2iTPgCAQp9wvjOQytnf5vO5rESYRXlPIVcgSbtT5OTScPcsf9eZU+B/YIkKAtYr5WeCii58BgATrNitlWg==

delayed-stream@~1.0.0:
  version "1.0.0"
  resolved "https://registry.yarnpkg.com/delayed-stream/-/delayed-stream-1.0.0.tgz#df3ae199acadfb7d440aaae0b29e2272b24ec619"
  integrity sha1-3zrhmayt+31ECqrgsp4icrJOxhk=

diff@^4.0.1:
  version "4.0.2"
  resolved "https://registry.yarnpkg.com/diff/-/diff-4.0.2.tgz#60f3aecb89d5fae520c11aa19efc2bb982aade7d"
  integrity sha512-58lmxKSA4BNyLz+HHMUzlOEpg09FV+ev6ZMe3vJihgdxzgcwZ8VoEEPmALCZG9LmqfVoNMMKpttIYTVG6uDY7A==

discord.js@^12.5.1:
  version "12.5.1"
  resolved "https://registry.yarnpkg.com/discord.js/-/discord.js-12.5.1.tgz#992b45753e3815526a279914ccc281d3496f5990"
  integrity sha512-VwZkVaUAIOB9mKdca0I5MefPMTQJTNg0qdgi1huF3iwsFwJ0L5s/Y69AQe+iPmjuV6j9rtKoG0Ta0n9vgEIL6w==
  dependencies:
    "@discordjs/collection" "^0.1.6"
    "@discordjs/form-data" "^3.0.1"
    abort-controller "^3.0.0"
    node-fetch "^2.6.1"
    prism-media "^1.2.2"
    setimmediate "^1.0.5"
    tweetnacl "^1.0.3"
    ws "^7.3.1"

dotenv@^8.2.0:
  version "8.2.0"
  resolved "https://registry.yarnpkg.com/dotenv/-/dotenv-8.2.0.tgz#97e619259ada750eea3e4ea3e26bceea5424b16a"
  integrity sha512-8sJ78ElpbDJBHNeBzUbUVLsqKdccaa/BXF1uPTw3GrvQTBgrQrtObr2mUrE38vzYd8cEv+m/JBfDLioYcfXoaw==

elliptic@6.5.4:
  version "6.5.4"
  resolved "https://registry.yarnpkg.com/elliptic/-/elliptic-6.5.4.tgz#da37cebd31e79a1367e941b592ed1fbebd58abbb"
  integrity sha512-iLhC6ULemrljPZb+QutR5TQGB+pdW6KGD5RSegS+8sorOZT+rdQFbsQFJgvN3eRqNALqJer4oQ16YvJHlU8hzQ==
  dependencies:
    bn.js "^4.11.9"
    brorand "^1.1.0"
    hash.js "^1.0.0"
    hmac-drbg "^1.0.1"
    inherits "^2.0.4"
    minimalistic-assert "^1.0.1"
    minimalistic-crypto-utils "^1.0.1"

ethers@^5.1.0:
  version "5.1.0"
  resolved "https://registry.yarnpkg.com/ethers/-/ethers-5.1.0.tgz#8a8758e0b6cbbc19fd4b87f4d551170fa6f1a995"
  integrity sha512-2L6Ge6wMBw02FlRoCLg4E0Elt3khMNlW6ULawa10mMeeZToYJ5+uCfiuTuB+XZ6om1Y7wuO9ZzezP8FsU2M/+g==
  dependencies:
    "@ethersproject/abi" "5.1.0"
    "@ethersproject/abstract-provider" "5.1.0"
    "@ethersproject/abstract-signer" "5.1.0"
    "@ethersproject/address" "5.1.0"
    "@ethersproject/base64" "5.1.0"
    "@ethersproject/basex" "5.1.0"
    "@ethersproject/bignumber" "5.1.0"
    "@ethersproject/bytes" "5.1.0"
    "@ethersproject/constants" "5.1.0"
    "@ethersproject/contracts" "5.1.0"
    "@ethersproject/hash" "5.1.0"
    "@ethersproject/hdnode" "5.1.0"
    "@ethersproject/json-wallets" "5.1.0"
    "@ethersproject/keccak256" "5.1.0"
    "@ethersproject/logger" "5.1.0"
    "@ethersproject/networks" "5.1.0"
    "@ethersproject/pbkdf2" "5.1.0"
    "@ethersproject/properties" "5.1.0"
    "@ethersproject/providers" "5.1.0"
    "@ethersproject/random" "5.1.0"
    "@ethersproject/rlp" "5.1.0"
    "@ethersproject/sha2" "5.1.0"
    "@ethersproject/signing-key" "5.1.0"
    "@ethersproject/solidity" "5.1.0"
    "@ethersproject/strings" "5.1.0"
    "@ethersproject/transactions" "5.1.0"
    "@ethersproject/units" "5.1.0"
    "@ethersproject/wallet" "5.1.0"
    "@ethersproject/web" "5.1.0"
    "@ethersproject/wordlists" "5.1.0"

event-target-shim@^5.0.0:
  version "5.0.1"
  resolved "https://registry.yarnpkg.com/event-target-shim/-/event-target-shim-5.0.1.tgz#5d4d3ebdf9583d63a5333ce2deb7480ab2b05789"
  integrity sha512-i/2XbnSz/uxRCU6+NdVJgKWDTM427+MqYbkQzD321DuCQJUqOuJKIA0IM2+W2xtYHdKOmZ4dR6fExsd4SXL+WQ==

form-data@^3.0.0:
  version "3.0.1"
  resolved "https://registry.yarnpkg.com/form-data/-/form-data-3.0.1.tgz#ebd53791b78356a99af9a300d4282c4d5eb9755f"
  integrity sha512-RHkBKtLWUVwd7SqRIvCZMEvAMoGUp0XU+seQiZejj0COz3RI3hWP4sCv3gZWWLjJTd7rGwcsF5eKZGii0r/hbg==
  dependencies:
    asynckit "^0.4.0"
    combined-stream "^1.0.8"
    mime-types "^2.1.12"

hash.js@1.1.3:
  version "1.1.3"
  resolved "https://registry.yarnpkg.com/hash.js/-/hash.js-1.1.3.tgz#340dedbe6290187151c1ea1d777a3448935df846"
  integrity sha512-/UETyP0W22QILqS+6HowevwhEFJ3MBJnwTf75Qob9Wz9t0DPuisL8kW8YZMK62dHAKE1c1p+gY1TtOLY+USEHA==
  dependencies:
    inherits "^2.0.3"
    minimalistic-assert "^1.0.0"

hash.js@^1.0.0, hash.js@^1.0.3:
  version "1.1.7"
  resolved "https://registry.yarnpkg.com/hash.js/-/hash.js-1.1.7.tgz#0babca538e8d4ee4a0f8988d68866537a003cf42"
  integrity sha512-taOaskGt4z4SOANNseOviYDvjEJinIkRgmp7LbKP2YTTmVxWBl87s/uzK9r+44BclBSp2X7K1hqeNfz9JbBeXA==
  dependencies:
    inherits "^2.0.3"
    minimalistic-assert "^1.0.1"

hmac-drbg@^1.0.1:
  version "1.0.1"
  resolved "https://registry.yarnpkg.com/hmac-drbg/-/hmac-drbg-1.0.1.tgz#d2745701025a6c775a6c545793ed502fc0c649a1"
  integrity sha1-0nRXAQJabHdabFRXk+1QL8DGSaE=
  dependencies:
    hash.js "^1.0.3"
    minimalistic-assert "^1.0.0"
    minimalistic-crypto-utils "^1.0.1"

inherits@^2.0.3, inherits@^2.0.4:
  version "2.0.4"
  resolved "https://registry.yarnpkg.com/inherits/-/inherits-2.0.4.tgz#0fa2c64f932917c3433a0ded55363aae37416b7c"
  integrity sha512-k/vGaX4/Yla3WzyMCvTQOXYeIHvqOKtnqBduzTHpzpQZzAskKMhZ2K+EnBiSM9zGSoIFeMpXKxa4dYeZIQqewQ==

js-sha3@0.5.7:
  version "0.5.7"
  resolved "https://registry.yarnpkg.com/js-sha3/-/js-sha3-0.5.7.tgz#0d4ffd8002d5333aabaf4a23eed2f6374c9f28e7"
  integrity sha1-DU/9gALVMzqrr0oj7tL2N0yfKOc=

make-error@^1.1.1:
  version "1.3.6"
  resolved "https://registry.yarnpkg.com/make-error/-/make-error-1.3.6.tgz#2eb2e37ea9b67c4891f684a1394799af484cf7a2"
  integrity sha512-s8UhlNe7vPKomQhC1qFelMokr/Sc3AgNbso3n74mVPA5LTZwkB9NlXf4XPamLxJE8h0gh73rM94xvwRT2CVInw==

mime-db@1.46.0:
  version "1.46.0"
  resolved "https://registry.yarnpkg.com/mime-db/-/mime-db-1.46.0.tgz#6267748a7f799594de3cbc8cde91def349661cee"
  integrity sha512-svXaP8UQRZ5K7or+ZmfNhg2xX3yKDMUzqadsSqi4NCH/KomcH75MAMYAGVlvXn4+b/xOPhS3I2uHKRUzvjY7BQ==

mime-types@^2.1.12:
  version "2.1.29"
  resolved "https://registry.yarnpkg.com/mime-types/-/mime-types-2.1.29.tgz#1d4ab77da64b91f5f72489df29236563754bb1b2"
  integrity sha512-Y/jMt/S5sR9OaqteJtslsFZKWOIIqMACsJSiHghlCAyhf7jfVYjKBmLiX8OgpWeW+fjJ2b+Az69aPFPkUOY6xQ==
  dependencies:
    mime-db "1.46.0"

minimalistic-assert@^1.0.0, minimalistic-assert@^1.0.1:
  version "1.0.1"
  resolved "https://registry.yarnpkg.com/minimalistic-assert/-/minimalistic-assert-1.0.1.tgz#2e194de044626d4a10e7f7fbc00ce73e83e4d5c7"
  integrity sha512-UtJcAD4yEaGtjPezWuO9wC4nwUnVH/8/Im3yEHQP4b67cXlD/Qr9hdITCU1xDbSEXg2XKNaP8jsReV7vQd00/A==

minimalistic-crypto-utils@^1.0.1:
  version "1.0.1"
  resolved "https://registry.yarnpkg.com/minimalistic-crypto-utils/-/minimalistic-crypto-utils-1.0.1.tgz#f6c00c1c0b082246e5c4d99dfb8c7c083b2b582a"
  integrity sha1-9sAMHAsIIkblxNmd+4x8CDsrWCo=

node-fetch@^2.6.1:
  version "2.6.1"
  resolved "https://registry.yarnpkg.com/node-fetch/-/node-fetch-2.6.1.tgz#045bd323631f76ed2e2b55573394416b639a0052"
  integrity sha512-V4aYg89jEoVRxRb2fJdAg8FHvI7cEyYdVAh94HH0UIK8oJxUfkjlDQN9RbMx+bEjP7+ggMiFRprSti032Oipxw==

prism-media@^1.2.2:
  version "1.2.9"
  resolved "https://registry.yarnpkg.com/prism-media/-/prism-media-1.2.9.tgz#8d4f97b36efdfc82483eb8d3db64020767866f36"
  integrity sha512-UHCYuqHipbTR1ZsXr5eg4JUmHER8Ss4YEb9Azn+9zzJ7/jlTtD1h0lc4g6tNx3eMlB8Mp6bfll0LPMAV4R6r3Q==

scrypt-js@3.0.1:
  version "3.0.1"
  resolved "https://registry.yarnpkg.com/scrypt-js/-/scrypt-js-3.0.1.tgz#d314a57c2aef69d1ad98a138a21fe9eafa9ee312"
  integrity sha512-cdwTTnqPu0Hyvf5in5asVdZocVDTNRmR7XEcJuIzMjJeSHybHl7vpB66AzwTaIg6CLSbtjcxc8fqcySfnTkccA==

setimmediate@^1.0.5:
  version "1.0.5"
  resolved "https://registry.yarnpkg.com/setimmediate/-/setimmediate-1.0.5.tgz#290cbb232e306942d7d7ea9b83732ab7856f8285"
  integrity sha1-KQy7Iy4waULX1+qbg3Mqt4VvgoU=

source-map-support@^0.5.17:
  version "0.5.19"
  resolved "https://registry.yarnpkg.com/source-map-support/-/source-map-support-0.5.19.tgz#a98b62f86dcaf4f67399648c085291ab9e8fed61"
  integrity sha512-Wonm7zOCIJzBGQdB+thsPar0kYuCIzYvxZwlBa87yi/Mdjv7Tip2cyVbLj5o0cFPN4EVkuTwb3GDDyUx2DGnGw==
  dependencies:
    buffer-from "^1.0.0"
    source-map "^0.6.0"

source-map@^0.6.0:
  version "0.6.1"
  resolved "https://registry.yarnpkg.com/source-map/-/source-map-0.6.1.tgz#74722af32e9614e9c287a8d0bbde48b5e2f1a263"
  integrity sha512-UjgapumWlbMhkBgzT7Ykc5YXUT46F0iKu8SGXq0bcwP5dz/h0Plj6enJqjz1Zbq2l5WaqYnrVbwWOWMyF3F47g==

ts-node@^9.1.1:
  version "9.1.1"
  resolved "https://registry.yarnpkg.com/ts-node/-/ts-node-9.1.1.tgz#51a9a450a3e959401bda5f004a72d54b936d376d"
  integrity sha512-hPlt7ZACERQGf03M253ytLY3dHbGNGrAq9qIHWUY9XHYl1z7wYngSr3OQ5xmui8o2AaxsONxIzjafLUiWBo1Fg==
  dependencies:
    arg "^4.1.0"
    create-require "^1.1.0"
    diff "^4.0.1"
    make-error "^1.1.1"
    source-map-support "^0.5.17"
    yn "3.1.1"

tweetnacl@^1.0.3:
  version "1.0.3"
  resolved "https://registry.yarnpkg.com/tweetnacl/-/tweetnacl-1.0.3.tgz#ac0af71680458d8a6378d0d0d050ab1407d35596"
  integrity sha512-6rt+RN7aOi1nGMyC4Xa5DdYiukl2UWCbcJft7YhxReBGQD7OAM8Pbxw6YMo4r2diNEA8FEmu32YOn9rhaiE5yw==

typescript@^4.2.3:
  version "4.2.3"
  resolved "https://registry.yarnpkg.com/typescript/-/typescript-4.2.3.tgz#39062d8019912d43726298f09493d598048c1ce3"
  integrity sha512-qOcYwxaByStAWrBf4x0fibwZvMRG+r4cQoTjbPtUlrWjBHbmCAww1i448U0GJ+3cNNEtebDteo/cHOR3xJ4wEw==

ws@7.2.3:
  version "7.2.3"
  resolved "https://registry.yarnpkg.com/ws/-/ws-7.2.3.tgz#a5411e1fb04d5ed0efee76d26d5c46d830c39b46"
  integrity sha512-HTDl9G9hbkNDk98naoR/cHDws7+EyYMOdL1BmjsZXRUjf7d+MficC4B7HLUPlSiho0vg+CWKrGIt/VJBd1xunQ==

ws@^7.3.1:
  version "7.4.4"
  resolved "https://registry.yarnpkg.com/ws/-/ws-7.4.4.tgz#383bc9742cb202292c9077ceab6f6047b17f2d59"
  integrity sha512-Qm8k8ojNQIMx7S+Zp8u/uHOx7Qazv3Yv4q68MiWWWOJhiwG5W3x7iqmRtJo8xxrciZUY4vRxUTJCKuRnF28ZZw==

yn@3.1.1:
  version "3.1.1"
  resolved "https://registry.yarnpkg.com/yn/-/yn-3.1.1.tgz#1e87401a09d767c1d5eab26a6e4c185182d2eb50"
  integrity sha512-Ux4ygGWsu2c7isFWe8Yu1YluJmqVhxqK2cLXNQA5AcC3QfbGNpM7fu0Y8b/z16pXLnFxZYvWhd3fhBY9DLmC6Q==
